// !$*UTF8*$!
{
	archiveVersion = 1;
	classes = {
	};
	objectVersion = 56;
	objects = {

/* Begin PBXBuildFile section */
		68146E21293734C1003006E6 /* TransactionList.swift in Sources */ = {isa = PBXBuildFile; fileRef = 68146E20293734C1003006E6 /* TransactionList.swift */; };
		68146E2429374A6A003006E6 /* Collections in Frameworks */ = {isa = PBXBuildFile; productRef = 68146E2329374A6A003006E6 /* Collections */; };
		6875E095292F87DC0074ED05 /* SwiftUIFontIcon in Frameworks */ = {isa = PBXBuildFile; productRef = 6875E094292F87DC0074ED05 /* SwiftUIFontIcon */; };
		6875E097292F88C70074ED05 /* TransactionListViewModel.swift in Sources */ = {isa = PBXBuildFile; fileRef = 6875E096292F88C70074ED05 /* TransactionListViewModel.swift */; };
		68C11DB6292C9653002EB45B /* ExpenseTrackerApp.swift in Sources */ = {isa = PBXBuildFile; fileRef = 68C11DB5292C9653002EB45B /* ExpenseTrackerApp.swift */; };
		68C11DB8292C9653002EB45B /* ContentView.swift in Sources */ = {isa = PBXBuildFile; fileRef = 68C11DB7292C9653002EB45B /* ContentView.swift */; };
		68C11DBA292C9656002EB45B /* Assets.xcassets in Resources */ = {isa = PBXBuildFile; fileRef = 68C11DB9292C9656002EB45B /* Assets.xcassets */; };
		68C11DBD292C9656002EB45B /* Preview Assets.xcassets in Resources */ = {isa = PBXBuildFile; fileRef = 68C11DBC292C9656002EB45B /* Preview Assets.xcassets */; };
		68C11DC7292C9656002EB45B /* ExpenseTrackerTests.swift in Sources */ = {isa = PBXBuildFile; fileRef = 68C11DC6292C9656002EB45B /* ExpenseTrackerTests.swift */; };
		68C11DD1292C9656002EB45B /* ExpenseTrackerUITests.swift in Sources */ = {isa = PBXBuildFile; fileRef = 68C11DD0292C9656002EB45B /* ExpenseTrackerUITests.swift */; };
		68C11DD3292C9656002EB45B /* ExpenseTrackerUITestsLaunchTests.swift in Sources */ = {isa = PBXBuildFile; fileRef = 68C11DD2292C9656002EB45B /* ExpenseTrackerUITestsLaunchTests.swift */; };
		68C11DE0292C99BD002EB45B /* Extensions.swift in Sources */ = {isa = PBXBuildFile; fileRef = 68C11DDF292C99BD002EB45B /* Extensions.swift */; };
		68C11DE2292CA274002EB45B /* TransactionModel.swift in Sources */ = {isa = PBXBuildFile; fileRef = 68C11DE1292CA274002EB45B /* TransactionModel.swift */; };
		68C11DE4292CA4A7002EB45B /* PreviewData.swift in Sources */ = {isa = PBXBuildFile; fileRef = 68C11DE3292CA4A7002EB45B /* PreviewData.swift */; };
		68C11DE6292CA5C0002EB45B /* TransactionRow.swift in Sources */ = {isa = PBXBuildFile; fileRef = 68C11DE5292CA5C0002EB45B /* TransactionRow.swift */; };
		68ED09B22935D8140077D859 /* RecentTransactionList.swift in Sources */ = {isa = PBXBuildFile; fileRef = 68ED09B12935D8140077D859 /* RecentTransactionList.swift */; };
/* End PBXBuildFile section */

/* Begin PBXContainerItemProxy section */
		68C11DC3292C9656002EB45B /* PBXContainerItemProxy */ = {
			isa = PBXContainerItemProxy;
			containerPortal = 68C11DAA292C9653002EB45B /* Project object */;
			proxyType = 1;
			remoteGlobalIDString = 68C11DB1292C9653002EB45B;
			remoteInfo = ExpenseTracker;
		};
		68C11DCD292C9656002EB45B /* PBXContainerItemProxy */ = {
			isa = PBXContainerItemProxy;
			containerPortal = 68C11DAA292C9653002EB45B /* Project object */;
			proxyType = 1;
			remoteGlobalIDString = 68C11DB1292C9653002EB45B;
			remoteInfo = ExpenseTracker;
		};
/* End PBXContainerItemProxy section */

/* Begin PBXFileReference section */
		68146E20293734C1003006E6 /* TransactionList.swift */ = {isa = PBXFileReference; lastKnownFileType = sourcecode.swift; path = TransactionList.swift; sourceTree = "<group>"; };
		6875E096292F88C70074ED05 /* TransactionListViewModel.swift */ = {isa = PBXFileReference; lastKnownFileType = sourcecode.swift; path = TransactionListViewModel.swift; sourceTree = "<group>"; };
		68C11DB2292C9653002EB45B /* ExpenseTracker.app */ = {isa = PBXFileReference; explicitFileType = wrapper.application; includeInIndex = 0; path = ExpenseTracker.app; sourceTree = BUILT_PRODUCTS_DIR; };
		68C11DB5292C9653002EB45B /* ExpenseTrackerApp.swift */ = {isa = PBXFileReference; lastKnownFileType = sourcecode.swift; path = ExpenseTrackerApp.swift; sourceTree = "<group>"; };
		68C11DB7292C9653002EB45B /* ContentView.swift */ = {isa = PBXFileReference; lastKnownFileType = sourcecode.swift; path = ContentView.swift; sourceTree = "<group>"; };
		68C11DB9292C9656002EB45B /* Assets.xcassets */ = {isa = PBXFileReference; lastKnownFileType = folder.assetcatalog; path = Assets.xcassets; sourceTree = "<group>"; };
		68C11DBC292C9656002EB45B /* Preview Assets.xcassets */ = {isa = PBXFileReference; lastKnownFileType = folder.assetcatalog; path = "Preview Assets.xcassets"; sourceTree = "<group>"; };
		68C11DC2292C9656002EB45B /* ExpenseTrackerTests.xctest */ = {isa = PBXFileReference; explicitFileType = wrapper.cfbundle; includeInIndex = 0; path = ExpenseTrackerTests.xctest; sourceTree = BUILT_PRODUCTS_DIR; };
		68C11DC6292C9656002EB45B /* ExpenseTrackerTests.swift */ = {isa = PBXFileReference; lastKnownFileType = sourcecode.swift; path = ExpenseTrackerTests.swift; sourceTree = "<group>"; };
		68C11DCC292C9656002EB45B /* ExpenseTrackerUITests.xctest */ = {isa = PBXFileReference; explicitFileType = wrapper.cfbundle; includeInIndex = 0; path = ExpenseTrackerUITests.xctest; sourceTree = BUILT_PRODUCTS_DIR; };
		68C11DD0292C9656002EB45B /* ExpenseTrackerUITests.swift */ = {isa = PBXFileReference; lastKnownFileType = sourcecode.swift; path = ExpenseTrackerUITests.swift; sourceTree = "<group>"; };
		68C11DD2292C9656002EB45B /* ExpenseTrackerUITestsLaunchTests.swift */ = {isa = PBXFileReference; lastKnownFileType = sourcecode.swift; path = ExpenseTrackerUITestsLaunchTests.swift; sourceTree = "<group>"; };
		68C11DDF292C99BD002EB45B /* Extensions.swift */ = {isa = PBXFileReference; lastKnownFileType = sourcecode.swift; path = Extensions.swift; sourceTree = "<group>"; };
		68C11DE1292CA274002EB45B /* TransactionModel.swift */ = {isa = PBXFileReference; lastKnownFileType = sourcecode.swift; path = TransactionModel.swift; sourceTree = "<group>"; };
		68C11DE3292CA4A7002EB45B /* PreviewData.swift */ = {isa = PBXFileReference; lastKnownFileType = sourcecode.swift; path = PreviewData.swift; sourceTree = "<group>"; };
		68C11DE5292CA5C0002EB45B /* TransactionRow.swift */ = {isa = PBXFileReference; lastKnownFileType = sourcecode.swift; path = TransactionRow.swift; sourceTree = "<group>"; };
		68ED09B12935D8140077D859 /* RecentTransactionList.swift */ = {isa = PBXFileReference; lastKnownFileType = sourcecode.swift; path = RecentTransactionList.swift; sourceTree = "<group>"; };
/* End PBXFileReference section */

/* Begin PBXFrameworksBuildPhase section */
		68C11DAF292C9653002EB45B /* Frameworks */ = {
			isa = PBXFrameworksBuildPhase;
			buildActionMask = 2147483647;
			files = (
				68146E2429374A6A003006E6 /* Collections in Frameworks */,
				6875E095292F87DC0074ED05 /* SwiftUIFontIcon in Frameworks */,
			);
			runOnlyForDeploymentPostprocessing = 0;
		};
		68C11DBF292C9656002EB45B /* Frameworks */ = {
			isa = PBXFrameworksBuildPhase;
			buildActionMask = 2147483647;
			files = (
			);
			runOnlyForDeploymentPostprocessing = 0;
		};
		68C11DC9292C9656002EB45B /* Frameworks */ = {
			isa = PBXFrameworksBuildPhase;
			buildActionMask = 2147483647;
			files = (
			);
			runOnlyForDeploymentPostprocessing = 0;
		};
/* End PBXFrameworksBuildPhase section */

/* Begin PBXGroup section */
		68C11DA9292C9653002EB45B = {
			isa = PBXGroup;
			children = (
				68C11DB4292C9653002EB45B /* ExpenseTracker */,
				68C11DC5292C9656002EB45B /* ExpenseTrackerTests */,
				68C11DCF292C9656002EB45B /* ExpenseTrackerUITests */,
				68C11DB3292C9653002EB45B /* Products */,
			);
			sourceTree = "<group>";
		};
		68C11DB3292C9653002EB45B /* Products */ = {
			isa = PBXGroup;
			children = (
				68C11DB2292C9653002EB45B /* ExpenseTracker.app */,
				68C11DC2292C9656002EB45B /* ExpenseTrackerTests.xctest */,
				68C11DCC292C9656002EB45B /* ExpenseTrackerUITests.xctest */,
			);
			name = Products;
			sourceTree = "<group>";
		};
		68C11DB4292C9653002EB45B /* ExpenseTracker */ = {
			isa = PBXGroup;
			children = (
				68C11DB5292C9653002EB45B /* ExpenseTrackerApp.swift */,
				68C11DB7292C9653002EB45B /* ContentView.swift */,
				68C11DDF292C99BD002EB45B /* Extensions.swift */,
				68C11DE1292CA274002EB45B /* TransactionModel.swift */,
				6875E096292F88C70074ED05 /* TransactionListViewModel.swift */,
				68C11DB9292C9656002EB45B /* Assets.xcassets */,
				68C11DBB292C9656002EB45B /* Preview Content */,
				68ED09B12935D8140077D859 /* RecentTransactionList.swift */,
				68146E20293734C1003006E6 /* TransactionList.swift */,
			);
			path = ExpenseTracker;
			sourceTree = "<group>";
		};
		68C11DBB292C9656002EB45B /* Preview Content */ = {
			isa = PBXGroup;
			children = (
				68C11DBC292C9656002EB45B /* Preview Assets.xcassets */,
				68C11DE3292CA4A7002EB45B /* PreviewData.swift */,
				68C11DE5292CA5C0002EB45B /* TransactionRow.swift */,
			);
			path = "Preview Content";
			sourceTree = "<group>";
		};
		68C11DC5292C9656002EB45B /* ExpenseTrackerTests */ = {
			isa = PBXGroup;
			children = (
				68C11DC6292C9656002EB45B /* ExpenseTrackerTests.swift */,
			);
			path = ExpenseTrackerTests;
			sourceTree = "<group>";
		};
		68C11DCF292C9656002EB45B /* ExpenseTrackerUITests */ = {
			isa = PBXGroup;
			children = (
				68C11DD0292C9656002EB45B /* ExpenseTrackerUITests.swift */,
				68C11DD2292C9656002EB45B /* ExpenseTrackerUITestsLaunchTests.swift */,
			);
			path = ExpenseTrackerUITests;
			sourceTree = "<group>";
		};
/* End PBXGroup section */

/* Begin PBXNativeTarget section */
		68C11DB1292C9653002EB45B /* ExpenseTracker */ = {
			isa = PBXNativeTarget;
			buildConfigurationList = 68C11DD6292C9656002EB45B /* Build configuration list for PBXNativeTarget "ExpenseTracker" */;
			buildPhases = (
				68C11DAE292C9653002EB45B /* Sources */,
				68C11DAF292C9653002EB45B /* Frameworks */,
				68C11DB0292C9653002EB45B /* Resources */,
			);
			buildRules = (
			);
			dependencies = (
			);
			name = ExpenseTracker;
			packageProductDependencies = (
				6875E094292F87DC0074ED05 /* SwiftUIFontIcon */,
				68146E2329374A6A003006E6 /* Collections */,
			);
			productName = ExpenseTracker;
			productReference = 68C11DB2292C9653002EB45B /* ExpenseTracker.app */;
			productType = "com.apple.product-type.application";
		};
		68C11DC1292C9656002EB45B /* ExpenseTrackerTests */ = {
			isa = PBXNativeTarget;
			buildConfigurationList = 68C11DD9292C9656002EB45B /* Build configuration list for PBXNativeTarget "ExpenseTrackerTests" */;
			buildPhases = (
				68C11DBE292C9656002EB45B /* Sources */,
				68C11DBF292C9656002EB45B /* Frameworks */,
				68C11DC0292C9656002EB45B /* Resources */,
			);
			buildRules = (
			);
			dependencies = (
				68C11DC4292C9656002EB45B /* PBXTargetDependency */,
			);
			name = ExpenseTrackerTests;
			productName = ExpenseTrackerTests;
			productReference = 68C11DC2292C9656002EB45B /* ExpenseTrackerTests.xctest */;
			productType = "com.apple.product-type.bundle.unit-test";
		};
		68C11DCB292C9656002EB45B /* ExpenseTrackerUITests */ = {
			isa = PBXNativeTarget;
			buildConfigurationList = 68C11DDC292C9656002EB45B /* Build configuration list for PBXNativeTarget "ExpenseTrackerUITests" */;
			buildPhases = (
				68C11DC8292C9656002EB45B /* Sources */,
				68C11DC9292C9656002EB45B /* Frameworks */,
				68C11DCA292C9656002EB45B /* Resources */,
			);
			buildRules = (
			);
			dependencies = (
				68C11DCE292C9656002EB45B /* PBXTargetDependency */,
			);
			name = ExpenseTrackerUITests;
			productName = ExpenseTrackerUITests;
			productReference = 68C11DCC292C9656002EB45B /* ExpenseTrackerUITests.xctest */;
			productType = "com.apple.product-type.bundle.ui-testing";
		};
/* End PBXNativeTarget section */

/* Begin PBXProject section */
		68C11DAA292C9653002EB45B /* Project object */ = {
			isa = PBXProject;
			attributes = {
				BuildIndependentTargetsInParallel = 1;
				LastSwiftUpdateCheck = 1410;
				LastUpgradeCheck = 1410;
				TargetAttributes = {
					68C11DB1292C9653002EB45B = {
						CreatedOnToolsVersion = 14.1;
					};
					68C11DC1292C9656002EB45B = {
						CreatedOnToolsVersion = 14.1;
						TestTargetID = 68C11DB1292C9653002EB45B;
					};
					68C11DCB292C9656002EB45B = {
						CreatedOnToolsVersion = 14.1;
						TestTargetID = 68C11DB1292C9653002EB45B;
					};
				};
			};
			buildConfigurationList = 68C11DAD292C9653002EB45B /* Build configuration list for PBXProject "ExpenseTracker" */;
			compatibilityVersion = "Xcode 14.0";
			developmentRegion = en;
			hasScannedForEncodings = 0;
			knownRegions = (
				en,
				Base,
			);
			mainGroup = 68C11DA9292C9653002EB45B;
			packageReferences = (
				6875E093292F87DC0074ED05 /* XCRemoteSwiftPackageReference "SwiftUIFontIcon" */,
				68146E2229374A6A003006E6 /* XCRemoteSwiftPackageReference "swift-collections" */,
			);
			productRefGroup = 68C11DB3292C9653002EB45B /* Products */;
			projectDirPath = "";
			projectRoot = "";
			targets = (
				68C11DB1292C9653002EB45B /* ExpenseTracker */,
				68C11DC1292C9656002EB45B /* ExpenseTrackerTests */,
				68C11DCB292C9656002EB45B /* ExpenseTrackerUITests */,
			);
		};
/* End PBXProject section */

/* Begin PBXResourcesBuildPhase section */
		68C11DB0292C9653002EB45B /* Resources */ = {
			isa = PBXResourcesBuildPhase;
			buildActionMask = 2147483647;
			files = (
				68C11DBD292C9656002EB45B /* Preview Assets.xcassets in Resources */,
				68C11DBA292C9656002EB45B /* Assets.xcassets in Resources */,
			);
			runOnlyForDeploymentPostprocessing = 0;
		};
		68C11DC0292C9656002EB45B /* Resources */ = {
			isa = PBXResourcesBuildPhase;
			buildActionMask = 2147483647;
			files = (
			);
			runOnlyForDeploymentPostprocessing = 0;
		};
		68C11DCA292C9656002EB45B /* Resources */ = {
			isa = PBXResourcesBuildPhase;
			buildActionMask = 2147483647;
			files = (
			);
			runOnlyForDeploymentPostprocessing = 0;
		};
/* End PBXResourcesBuildPhase section */

/* Begin PBXSourcesBuildPhase section */
		68C11DAE292C9653002EB45B /* Sources */ = {
			isa = PBXSourcesBuildPhase;
			buildActionMask = 2147483647;
			files = (
				68C11DE4292CA4A7002EB45B /* PreviewData.swift in Sources */,
				68146E21293734C1003006E6 /* TransactionList.swift in Sources */,
				68ED09B22935D8140077D859 /* RecentTransactionList.swift in Sources */,
				68C11DE2292CA274002EB45B /* TransactionModel.swift in Sources */,
				68C11DB8292C9653002EB45B /* ContentView.swift in Sources */,
				68C11DE6292CA5C0002EB45B /* TransactionRow.swift in Sources */,
				68C11DE0292C99BD002EB45B /* Extensions.swift in Sources */,
				6875E097292F88C70074ED05 /* TransactionListViewModel.swift in Sources */,
				68C11DB6292C9653002EB45B /* ExpenseTrackerApp.swift in Sources */,
			);
			runOnlyForDeploymentPostprocessing = 0;
		};
		68C11DBE292C9656002EB45B /* Sources */ = {
			isa = PBXSourcesBuildPhase;
			buildActionMask = 2147483647;
			files = (
				68C11DC7292C9656002EB45B /* ExpenseTrackerTests.swift in Sources */,
			);
			runOnlyForDeploymentPostprocessing = 0;
		};
		68C11DC8292C9656002EB45B /* Sources */ = {
			isa = PBXSourcesBuildPhase;
			buildActionMask = 2147483647;
			files = (
				68C11DD3292C9656002EB45B /* ExpenseTrackerUITestsLaunchTests.swift in Sources */,
				68C11DD1292C9656002EB45B /* ExpenseTrackerUITests.swift in Sources */,
			);
			runOnlyForDeploymentPostprocessing = 0;
		};
/* End PBXSourcesBuildPhase section */

/* Begin PBXTargetDependency section */
		68C11DC4292C9656002EB45B /* PBXTargetDependency */ = {
			isa = PBXTargetDependency;
			target = 68C11DB1292C9653002EB45B /* ExpenseTracker */;
			targetProxy = 68C11DC3292C9656002EB45B /* PBXContainerItemProxy */;
		};
		68C11DCE292C9656002EB45B /* PBXTargetDependency */ = {
			isa = PBXTargetDependency;
			target = 68C11DB1292C9653002EB45B /* ExpenseTracker */;
			targetProxy = 68C11DCD292C9656002EB45B /* PBXContainerItemProxy */;
		};
/* End PBXTargetDependency section */

/* Begin XCBuildConfiguration section */
		68C11DD4292C9656002EB45B /* Debug */ = {
			isa = XCBuildConfiguration;
			buildSettings = {
				ALWAYS_SEARCH_USER_PATHS = NO;
				CLANG_ANALYZER_NONNULL = YES;
				CLANG_ANALYZER_NUMBER_OBJECT_CONVERSION = YES_AGGRESSIVE;
				CLANG_CXX_LANGUAGE_STANDARD = "gnu++20";
				CLANG_ENABLE_MODULES = YES;
				CLANG_ENABLE_OBJC_ARC = YES;
				CLANG_ENABLE_OBJC_WEAK = YES;
				CLANG_WARN_BLOCK_CAPTURE_AUTORELEASING = YES;
				CLANG_WARN_BOOL_CONVERSION = YES;
				CLANG_WARN_COMMA = YES;
				CLANG_WARN_CONSTANT_CONVERSION = YES;
				CLANG_WARN_DEPRECATED_OBJC_IMPLEMENTATIONS = YES;
				CLANG_WARN_DIRECT_OBJC_ISA_USAGE = YES_ERROR;
				CLANG_WARN_DOCUMENTATION_COMMENTS = YES;
				CLANG_WARN_EMPTY_BODY = YES;
				CLANG_WARN_ENUM_CONVERSION = YES;
				CLANG_WARN_INFINITE_RECURSION = YES;
				CLANG_WARN_INT_CONVERSION = YES;
				CLANG_WARN_NON_LITERAL_NULL_CONVERSION = YES;
				CLANG_WARN_OBJC_IMPLICIT_RETAIN_SELF = YES;
				CLANG_WARN_OBJC_LITERAL_CONVERSION = YES;
				CLANG_WARN_OBJC_ROOT_CLASS = YES_ERROR;
				CLANG_WARN_QUOTED_INCLUDE_IN_FRAMEWORK_HEADER = YES;
				CLANG_WARN_RANGE_LOOP_ANALYSIS = YES;
				CLANG_WARN_STRICT_PROTOTYPES = YES;
				CLANG_WARN_SUSPICIOUS_MOVE = YES;
				CLANG_WARN_UNGUARDED_AVAILABILITY = YES_AGGRESSIVE;
				CLANG_WARN_UNREACHABLE_CODE = YES;
				CLANG_WARN__DUPLICATE_METHOD_MATCH = YES;
				COPY_PHASE_STRIP = NO;
				DEBUG_INFORMATION_FORMAT = dwarf;
				ENABLE_STRICT_OBJC_MSGSEND = YES;
				ENABLE_TESTABILITY = YES;
				GCC_C_LANGUAGE_STANDARD = gnu11;
				GCC_DYNAMIC_NO_PIC = NO;
				GCC_NO_COMMON_BLOCKS = YES;
				GCC_OPTIMIZATION_LEVEL = 0;
				GCC_PREPROCESSOR_DEFINITIONS = (
					"DEBUG=1",
					"$(inherited)",
				);
				GCC_WARN_64_TO_32_BIT_CONVERSION = YES;
				GCC_WARN_ABOUT_RETURN_TYPE = YES_ERROR;
				GCC_WARN_UNDECLARED_SELECTOR = YES;
				GCC_WARN_UNINITIALIZED_AUTOS = YES_AGGRESSIVE;
				GCC_WARN_UNUSED_FUNCTION = YES;
				GCC_WARN_UNUSED_VARIABLE = YES;
				IPHONEOS_DEPLOYMENT_TARGET = 16.1;
				MTL_ENABLE_DEBUG_INFO = INCLUDE_SOURCE;
				MTL_FAST_MATH = YES;
				ONLY_ACTIVE_ARCH = YES;
				SDKROOT = iphoneos;
				SWIFT_ACTIVE_COMPILATION_CONDITIONS = DEBUG;
				SWIFT_OPTIMIZATION_LEVEL = "-Onone";
			};
			name = Debug;
		};
		68C11DD5292C9656002EB45B /* Release */ = {
			isa = XCBuildConfiguration;
			buildSettings = {
				ALWAYS_SEARCH_USER_PATHS = NO;
				CLANG_ANALYZER_NONNULL = YES;
				CLANG_ANALYZER_NUMBER_OBJECT_CONVERSION = YES_AGGRESSIVE;
				CLANG_CXX_LANGUAGE_STANDARD = "gnu++20";
				CLANG_ENABLE_MODULES = YES;
				CLANG_ENABLE_OBJC_ARC = YES;
				CLANG_ENABLE_OBJC_WEAK = YES;
				CLANG_WARN_BLOCK_CAPTURE_AUTORELEASING = YES;
				CLANG_WARN_BOOL_CONVERSION = YES;
				CLANG_WARN_COMMA = YES;
				CLANG_WARN_CONSTANT_CONVERSION = YES;
				CLANG_WARN_DEPRECATED_OBJC_IMPLEMENTATIONS = YES;
				CLANG_WARN_DIRECT_OBJC_ISA_USAGE = YES_ERROR;
				CLANG_WARN_DOCUMENTATION_COMMENTS = YES;
				CLANG_WARN_EMPTY_BODY = YES;
				CLANG_WARN_ENUM_CONVERSION = YES;
				CLANG_WARN_INFINITE_RECURSION = YES;
				CLANG_WARN_INT_CONVERSION = YES;
				CLANG_WARN_NON_LITERAL_NULL_CONVERSION = YES;
				CLANG_WARN_OBJC_IMPLICIT_RETAIN_SELF = YES;
				CLANG_WARN_OBJC_LITERAL_CONVERSION = YES;
				CLANG_WARN_OBJC_ROOT_CLASS = YES_ERROR;
				CLANG_WARN_QUOTED_INCLUDE_IN_FRAMEWORK_HEADER = YES;
				CLANG_WARN_RANGE_LOOP_ANALYSIS = YES;
				CLANG_WARN_STRICT_PROTOTYPES = YES;
				CLANG_WARN_SUSPICIOUS_MOVE = YES;
				CLANG_WARN_UNGUARDED_AVAILABILITY = YES_AGGRESSIVE;
				CLANG_WARN_UNREACHABLE_CODE = YES;
				CLANG_WARN__DUPLICATE_METHOD_MATCH = YES;
				COPY_PHASE_STRIP = NO;
				DEBUG_INFORMATION_FORMAT = "dwarf-with-dsym";
				ENABLE_NS_ASSERTIONS = NO;
				ENABLE_STRICT_OBJC_MSGSEND = YES;
				GCC_C_LANGUAGE_STANDARD = gnu11;
				GCC_NO_COMMON_BLOCKS = YES;
				GCC_WARN_64_TO_32_BIT_CONVERSION = YES;
				GCC_WARN_ABOUT_RETURN_TYPE = YES_ERROR;
				GCC_WARN_UNDECLARED_SELECTOR = YES;
				GCC_WARN_UNINITIALIZED_AUTOS = YES_AGGRESSIVE;
				GCC_WARN_UNUSED_FUNCTION = YES;
				GCC_WARN_UNUSED_VARIABLE = YES;
				IPHONEOS_DEPLOYMENT_TARGET = 16.1;
				MTL_ENABLE_DEBUG_INFO = NO;
				MTL_FAST_MATH = YES;
				SDKROOT = iphoneos;
				SWIFT_COMPILATION_MODE = wholemodule;
				SWIFT_OPTIMIZATION_LEVEL = "-O";
				VALIDATE_PRODUCT = YES;
			};
			name = Release;
		};
		68C11DD7292C9656002EB45B /* Debug */ = {
			isa = XCBuildConfiguration;
			buildSettings = {
				ASSETCATALOG_COMPILER_APPICON_NAME = AppIcon;
				ASSETCATALOG_COMPILER_GLOBAL_ACCENT_COLOR_NAME = AccentColor;
				CODE_SIGN_STYLE = Automatic;
				CURRENT_PROJECT_VERSION = 1;
				DEVELOPMENT_ASSET_PATHS = "\"ExpenseTracker/Preview Content\"";
				ENABLE_PREVIEWS = YES;
				GENERATE_INFOPLIST_FILE = YES;
				INFOPLIST_KEY_UIApplicationSceneManifest_Generation = YES;
				INFOPLIST_KEY_UIApplicationSupportsIndirectInputEvents = YES;
				INFOPLIST_KEY_UILaunchScreen_Generation = YES;
				INFOPLIST_KEY_UISupportedInterfaceOrientations_iPad = "UIInterfaceOrientationPortrait UIInterfaceOrientationPortraitUpsideDown UIInterfaceOrientationLandscapeLeft UIInterfaceOrientationLandscapeRight";
				INFOPLIST_KEY_UISupportedInterfaceOrientations_iPhone = "UIInterfaceOrientationPortrait UIInterfaceOrientationLandscapeLeft UIInterfaceOrientationLandscapeRight";
				LD_RUNPATH_SEARCH_PATHS = (
					"$(inherited)",
					"@executable_path/Frameworks",
				);
				MARKETING_VERSION = 1.0;
				PRODUCT_BUNDLE_IDENTIFIER = com.test.TestApp.ExpenseTracker;
				PRODUCT_NAME = "$(TARGET_NAME)";
				SWIFT_EMIT_LOC_STRINGS = YES;
				SWIFT_VERSION = 5.0;
				TARGETED_DEVICE_FAMILY = "1,2";
			};
			name = Debug;
		};
		68C11DD8292C9656002EB45B /* Release */ = {
			isa = XCBuildConfiguration;
			buildSettings = {
				ASSETCATALOG_COMPILER_APPICON_NAME = AppIcon;
				ASSETCATALOG_COMPILER_GLOBAL_ACCENT_COLOR_NAME = AccentColor;
				CODE_SIGN_STYLE = Automatic;
				CURRENT_PROJECT_VERSION = 1;
				DEVELOPMENT_ASSET_PATHS = "\"ExpenseTracker/Preview Content\"";
				ENABLE_PREVIEWS = YES;
				GENERATE_INFOPLIST_FILE = YES;
				INFOPLIST_KEY_UIApplicationSceneManifest_Generation = YES;
				INFOPLIST_KEY_UIApplicationSupportsIndirectInputEvents = YES;
				INFOPLIST_KEY_UILaunchScreen_Generation = YES;
				INFOPLIST_KEY_UISupportedInterfaceOrientations_iPad = "UIInterfaceOrientationPortrait UIInterfaceOrientationPortraitUpsideDown UIInterfaceOrientationLandscapeLeft UIInterfaceOrientationLandscapeRight";
				INFOPLIST_KEY_UISupportedInterfaceOrientations_iPhone = "UIInterfaceOrientationPortrait UIInterfaceOrientationLandscapeLeft UIInterfaceOrientationLandscapeRight";
				LD_RUNPATH_SEARCH_PATHS = (
					"$(inherited)",
					"@executable_path/Frameworks",
				);
				MARKETING_VERSION = 1.0;
				PRODUCT_BUNDLE_IDENTIFIER = com.test.TestApp.ExpenseTracker;
				PRODUCT_NAME = "$(TARGET_NAME)";
				SWIFT_EMIT_LOC_STRINGS = YES;
				SWIFT_VERSION = 5.0;
				TARGETED_DEVICE_FAMILY = "1,2";
			};
			name = Release;
		};
		68C11DDA292C9656002EB45B /* Debug */ = {
			isa = XCBuildConfiguration;
			buildSettings = {
				ALWAYS_EMBED_SWIFT_STANDARD_LIBRARIES = YES;
				BUNDLE_LOADER = "$(TEST_HOST)";
				CODE_SIGN_STYLE = Automatic;
				CURRENT_PROJECT_VERSION = 1;
				GENERATE_INFOPLIST_FILE = YES;
				IPHONEOS_DEPLOYMENT_TARGET = 16.1;
				MARKETING_VERSION = 1.0;
				PRODUCT_BUNDLE_IDENTIFIER = com.test.TestApp.ExpenseTrackerTests;
				PRODUCT_NAME = "$(TARGET_NAME)";
				SWIFT_EMIT_LOC_STRINGS = NO;
				SWIFT_VERSION = 5.0;
				TARGETED_DEVICE_FAMILY = "1,2";
				TEST_HOST = "$(BUILT_PRODUCTS_DIR)/ExpenseTracker.app/$(BUNDLE_EXECUTABLE_FOLDER_PATH)/ExpenseTracker";
			};
			name = Debug;
		};
		68C11DDB292C9656002EB45B /* Release */ = {
			isa = XCBuildConfiguration;
			buildSettings = {
				ALWAYS_EMBED_SWIFT_STANDARD_LIBRARIES = YES;
				BUNDLE_LOADER = "$(TEST_HOST)";
				CODE_SIGN_STYLE = Automatic;
				CURRENT_PROJECT_VERSION = 1;
				GENERATE_INFOPLIST_FILE = YES;
				IPHONEOS_DEPLOYMENT_TARGET = 16.1;
				MARKETING_VERSION = 1.0;
				PRODUCT_BUNDLE_IDENTIFIER = com.test.TestApp.ExpenseTrackerTests;
				PRODUCT_NAME = "$(TARGET_NAME)";
				SWIFT_EMIT_LOC_STRINGS = NO;
				SWIFT_VERSION = 5.0;
				TARGETED_DEVICE_FAMILY = "1,2";
				TEST_HOST = "$(BUILT_PRODUCTS_DIR)/ExpenseTracker.app/$(BUNDLE_EXECUTABLE_FOLDER_PATH)/ExpenseTracker";
			};
			name = Release;
		};
		68C11DDD292C9656002EB45B /* Debug */ = {
			isa = XCBuildConfiguration;
			buildSettings = {
				ALWAYS_EMBED_SWIFT_STANDARD_LIBRARIES = YES;
				CODE_SIGN_STYLE = Automatic;
				CURRENT_PROJECT_VERSION = 1;
				GENERATE_INFOPLIST_FILE = YES;
				MARKETING_VERSION = 1.0;
				PRODUCT_BUNDLE_IDENTIFIER = com.test.TestApp.ExpenseTrackerUITests;
				PRODUCT_NAME = "$(TARGET_NAME)";
				SWIFT_EMIT_LOC_STRINGS = NO;
				SWIFT_VERSION = 5.0;
				TARGETED_DEVICE_FAMILY = "1,2";
				TEST_TARGET_NAME = ExpenseTracker;
			};
			name = Debug;
		};
		68C11DDE292C9656002EB45B /* Release */ = {
			isa = XCBuildConfiguration;
			buildSettings = {
				ALWAYS_EMBED_SWIFT_STANDARD_LIBRARIES = YES;
				CODE_SIGN_STYLE = Automatic;
				CURRENT_PROJECT_VERSION = 1;
				GENERATE_INFOPLIST_FILE = YES;
				MARKETING_VERSION = 1.0;
				PRODUCT_BUNDLE_IDENTIFIER = com.test.TestApp.ExpenseTrackerUITests;
				PRODUCT_NAME = "$(TARGET_NAME)";
				SWIFT_EMIT_LOC_STRINGS = NO;
				SWIFT_VERSION = 5.0;
				TARGETED_DEVICE_FAMILY = "1,2";
				TEST_TARGET_NAME = ExpenseTracker;
			};
			name = Release;
		};
/* End XCBuildConfiguration section */

/* Begin XCConfigurationList section */
		68C11DAD292C9653002EB45B /* Build configuration list for PBXProject "ExpenseTracker" */ = {
			isa = XCConfigurationList;
			buildConfigurations = (
				68C11DD4292C9656002EB45B /* Debug */,
				68C11DD5292C9656002EB45B /* Release */,
			);
			defaultConfigurationIsVisible = 0;
			defaultConfigurationName = Release;
		};
		68C11DD6292C9656002EB45B /* Build configuration list for PBXNativeTarget "ExpenseTracker" */ = {
			isa = XCConfigurationList;
			buildConfigurations = (
				68C11DD7292C9656002EB45B /* Debug */,
				68C11DD8292C9656002EB45B /* Release */,
			);
			defaultConfigurationIsVisible = 0;
			defaultConfigurationName = Release;
		};
		68C11DD9292C9656002EB45B /* Build configuration list for PBXNativeTarget "ExpenseTrackerTests" */ = {
			isa = XCConfigurationList;
			buildConfigurations = (
				68C11DDA292C9656002EB45B /* Debug */,
				68C11DDB292C9656002EB45B /* Release */,
			);
			defaultConfigurationIsVisible = 0;
			defaultConfigurationName = Release;
		};
		68C11DDC292C9656002EB45B /* Build configuration list for PBXNativeTarget "ExpenseTrackerUITests" */ = {
			isa = XCConfigurationList;
			buildConfigurations = (
				68C11DDD292C9656002EB45B /* Debug */,
				68C11DDE292C9656002EB45B /* Release */,
			);
			defaultConfigurationIsVisible = 0;
			defaultConfigurationName = Release;
		};
/* End XCConfigurationList section */

/* Begin XCRemoteSwiftPackageReference section */
		68146E2229374A6A003006E6 /* XCRemoteSwiftPackageReference "swift-collections" */ = {
			isa = XCRemoteSwiftPackageReference;
			repositoryURL = "https://github.com/apple/swift-collections.git";
			requirement = {
				kind = upToNextMajorVersion;
				minimumVersion = 1.0.2;
			};
		};
		6875E093292F87DC0074ED05 /* XCRemoteSwiftPackageReference "SwiftUIFontIcon" */ = {
			isa = XCRemoteSwiftPackageReference;
			repositoryURL = "https://github.com/huybuidac/SwiftUIFontIcon.git";
			requirement = {
				branch = master;
				kind = branch;
			};
		};
/* End XCRemoteSwiftPackageReference section */

/* Begin XCSwiftPackageProductDependency section */
		68146E2329374A6A003006E6 /* Collections */ = {
			isa = XCSwiftPackageProductDependency;
			package = 68146E2229374A6A003006E6 /* XCRemoteSwiftPackageReference "swift-collections" */;
			productName = Collections;
		};
		6875E094292F87DC0074ED05 /* SwiftUIFontIcon */ = {
			isa = XCSwiftPackageProductDependency;
			package = 6875E093292F87DC0074ED05 /* XCRemoteSwiftPackageReference "SwiftUIFontIcon" */;
			productName = SwiftUIFontIcon;
		};
/* End XCSwiftPackageProductDependency section */
	};
	rootObject = 68C11DAA292C9653002EB45B /* Project object */;
}
